// !$*UTF8*$!
{
	archiveVersion = 1;
	classes = {
	};
	objectVersion = 46;
	objects = {

/* Begin PBXBuildFile section */
		12C586A01BBD728C005C20A0 /* AppDelegate.swift in Sources */ = {isa = PBXBuildFile; fileRef = 12C5869F1BBD728C005C20A0 /* AppDelegate.swift */; };
		12C586A21BBD728C005C20A0 /* ViewController.swift in Sources */ = {isa = PBXBuildFile; fileRef = 12C586A11BBD728C005C20A0 /* ViewController.swift */; };
		12C586A51BBD728C005C20A0 /* Main.storyboard in Resources */ = {isa = PBXBuildFile; fileRef = 12C586A31BBD728C005C20A0 /* Main.storyboard */; };
		12C586A71BBD728C005C20A0 /* Assets.xcassets in Resources */ = {isa = PBXBuildFile; fileRef = 12C586A61BBD728C005C20A0 /* Assets.xcassets */; };
		12C586AA1BBD728C005C20A0 /* LaunchScreen.storyboard in Resources */ = {isa = PBXBuildFile; fileRef = 12C586A81BBD728C005C20A0 /* LaunchScreen.storyboard */; };
		12C586B21BBD72A3005C20A0 /* MapKit.framework in Frameworks */ = {isa = PBXBuildFile; fileRef = 12C586B11BBD72A3005C20A0 /* MapKit.framework */; };
		12C586B41BBD7B74005C20A0 /* MetroAnnotation.swift in Sources */ = {isa = PBXBuildFile; fileRef = 12C586B31BBD7B74005C20A0 /* MetroAnnotation.swift */; settings = {ASSET_TAGS = (); }; };
		12C586B61BBD8B94005C20A0 /* InteressesAnnotation.swift in Sources */ = {isa = PBXBuildFile; fileRef = 12C586B51BBD8B94005C20A0 /* InteressesAnnotation.swift */; settings = {ASSET_TAGS = (); }; };
/* End PBXBuildFile section */

/* Begin PBXFileReference section */
		12C5869C1BBD728C005C20A0 /* Mapas.app */ = {isa = PBXFileReference; explicitFileType = wrapper.application; includeInIndex = 0; path = Mapas.app; sourceTree = BUILT_PRODUCTS_DIR; };
		12C5869F1BBD728C005C20A0 /* AppDelegate.swift */ = {isa = PBXFileReference; lastKnownFileType = sourcecode.swift; path = AppDelegate.swift; sourceTree = "<group>"; };
		12C586A11BBD728C005C20A0 /* ViewController.swift */ = {isa = PBXFileReference; lastKnownFileType = sourcecode.swift; path = ViewController.swift; sourceTree = "<group>"; };
		12C586A41BBD728C005C20A0 /* Base */ = {isa = PBXFileReference; lastKnownFileType = file.storyboard; name = Base; path = Base.lproj/Main.storyboard; sourceTree = "<group>"; };
		12C586A61BBD728C005C20A0 /* Assets.xcassets */ = {isa = PBXFileReference; lastKnownFileType = folder.assetcatalog; path = Assets.xcassets; sourceTree = "<group>"; };
		12C586A91BBD728C005C20A0 /* Base */ = {isa = PBXFileReference; lastKnownFileType = file.storyboard; name = Base; path = Base.lproj/LaunchScreen.storyboard; sourceTree = "<group>"; };
		12C586AB1BBD728C005C20A0 /* Info.plist */ = {isa = PBXFileReference; lastKnownFileType = text.plist.xml; path = Info.plist; sourceTree = "<group>"; };
		12C586B11BBD72A3005C20A0 /* MapKit.framework */ = {isa = PBXFileReference; lastKnownFileType = wrapper.framework; name = MapKit.framework; path = System/Library/Frameworks/MapKit.framework; sourceTree = SDKROOT; };
		12C586B31BBD7B74005C20A0 /* MetroAnnotation.swift */ = {isa = PBXFileReference; fileEncoding = 4; lastKnownFileType = sourcecode.swift; path = MetroAnnotation.swift; sourceTree = "<group>"; };
		12C586B51BBD8B94005C20A0 /* InteressesAnnotation.swift */ = {isa = PBXFileReference; fileEncoding = 4; lastKnownFileType = sourcecode.swift; path = InteressesAnnotation.swift; sourceTree = "<group>"; };
/* End PBXFileReference section */

/* Begin PBXFrameworksBuildPhase section */
		12C586991BBD728C005C20A0 /* Frameworks */ = {
			isa = PBXFrameworksBuildPhase;
			buildActionMask = 2147483647;
			files = (
				12C586B21BBD72A3005C20A0 /* MapKit.framework in Frameworks */,
			);
			runOnlyForDeploymentPostprocessing = 0;
		};
/* End PBXFrameworksBuildPhase section */

/* Begin PBXGroup section */
		12C586931BBD728C005C20A0 = {
			isa = PBXGroup;
			children = (
				12C586B11BBD72A3005C20A0 /* MapKit.framework */,
				12C5869E1BBD728C005C20A0 /* Mapas */,
				12C5869D1BBD728C005C20A0 /* Products */,
			);
			sourceTree = "<group>";
		};
		12C5869D1BBD728C005C20A0 /* Products */ = {
			isa = PBXGroup;
			children = (
				12C5869C1BBD728C005C20A0 /* Mapas.app */,
			);
			name = Products;
			sourceTree = "<group>";
		};
		12C5869E1BBD728C005C20A0 /* Mapas */ = {
			isa = PBXGroup;
			children = (
				12C5869F1BBD728C005C20A0 /* AppDelegate.swift */,
				12C586B31BBD7B74005C20A0 /* MetroAnnotation.swift */,
				12C586B51BBD8B94005C20A0 /* InteressesAnnotation.swift */,
				12C586A11BBD728C005C20A0 /* ViewController.swift */,
				12C586A31BBD728C005C20A0 /* Main.storyboard */,
				12C586A61BBD728C005C20A0 /* Assets.xcassets */,
				12C586A81BBD728C005C20A0 /* LaunchScreen.storyboard */,
				12C586AB1BBD728C005C20A0 /* Info.plist */,
			);
			path = Mapas;
			sourceTree = "<group>";
		};
/* End PBXGroup section */

/* Begin PBXNativeTarget section */
		12C5869B1BBD728C005C20A0 /* Mapas */ = {
			isa = PBXNativeTarget;
			buildConfigurationList = 12C586AE1BBD728C005C20A0 /* Build configuration list for PBXNativeTarget "Mapas" */;
			buildPhases = (
				12C586981BBD728C005C20A0 /* Sources */,
				12C586991BBD728C005C20A0 /* Frameworks */,
				12C5869A1BBD728C005C20A0 /* Resources */,
			);
			buildRules = (
			);
			dependencies = (
			);
			name = Mapas;
			productName = Mapas;
			productReference = 12C5869C1BBD728C005C20A0 /* Mapas.app */;
			productType = "com.apple.product-type.application";
		};
/* End PBXNativeTarget section */

/* Begin PBXProject section */
		12C586941BBD728C005C20A0 /* Project object */ = {
			isa = PBXProject;
			attributes = {
				LastUpgradeCheck = 0700;
				ORGANIZATIONNAME = Flameworks;
				TargetAttributes = {
					12C5869B1BBD728C005C20A0 = {
						CreatedOnToolsVersion = 7.0;
						SystemCapabilities = {
							com.apple.Maps.iOS = {
								enabled = 1;
							};
						};
					};
				};
			};
			buildConfigurationList = 12C586971BBD728C005C20A0 /* Build configuration list for PBXProject "Mapas" */;
			compatibilityVersion = "Xcode 3.2";
			developmentRegion = English;
			hasScannedForEncodings = 0;
			knownRegions = (
				en,
				Base,
			);
			mainGroup = 12C586931BBD728C005C20A0;
			productRefGroup = 12C5869D1BBD728C005C20A0 /* Products */;
			projectDirPath = "";
			projectRoot = "";
			targets = (
				12C5869B1BBD728C005C20A0 /* Mapas */,
			);
		};
/* End PBXProject section */

/* Begin PBXResourcesBuildPhase section */
		12C5869A1BBD728C005C20A0 /* Resources */ = {
			isa = PBXResourcesBuildPhase;
			buildActionMask = 2147483647;
			files = (
				12C586AA1BBD728C005C20A0 /* LaunchScreen.storyboard in Resources */,
				12C586A71BBD728C005C20A0 /* Assets.xcassets in Resources */,
				12C586A51BBD728C005C20A0 /* Main.storyboard in Resources */,
			);
			runOnlyForDeploymentPostprocessing = 0;
		};
/* End PBXResourcesBuildPhase section */

/* Begin PBXSourcesBuildPhase section */
		12C586981BBD728C005C20A0 /* Sources */ = {
			isa = PBXSourcesBuildPhase;
			buildActionMask = 2147483647;
			files = (
				12C586B41BBD7B74005C20A0 /* MetroAnnotation.swift in Sources */,
				12C586B61BBD8B94005C20A0 /* InteressesAnnotation.swift in Sources */,
				12C586A21BBD728C005C20A0 /* ViewController.swift in Sources */,
				12C586A01BBD728C005C20A0 /* AppDelegate.swift in Sources */,
			);
			runOnlyForDeploymentPostprocessing = 0;
		};
/* End PBXSourcesBuildPhase section */

/* Begin PBXVariantGroup section */
		12C586A31BBD728C005C20A0 /* Main.storyboard */ = {
			isa = PBXVariantGroup;
			children = (
				12C586A41BBD728C005C20A0 /* Base */,
			);
			name = Main.storyboard;
			sourceTree = "<group>";
		};
		12C586A81BBD728C005C20A0 /* LaunchScreen.storyboard */ = {
			isa = PBXVariantGroup;
			children = (
				12C586A91BBD728C005C20A0 /* Base */,
			);
			name = LaunchScreen.storyboard;
			sourceTree = "<group>";
		};
/* End PBXVariantGroup section */

/* Begin XCBuildConfiguration section */
		12C586AC1BBD728C005C20A0 /* Debug */ = {
			isa = XCBuildConfiguration;
			buildSettings = {
				ALWAYS_SEARCH_USER_PATHS = NO;
				CLANG_CXX_LANGUAGE_STANDARD = "gnu++0x";
				CLANG_CXX_LIBRARY = "libc++";
				CLANG_ENABLE_MODULES = YES;
				CLANG_ENABLE_OBJC_ARC = YES;
				CLANG_WARN_BOOL_CONVERSION = YES;
				CLANG_WARN_CONSTANT_CONVERSION = YES;
				CLANG_WARN_DIRECT_OBJC_ISA_USAGE = YES_ERROR;
				CLANG_WARN_EMPTY_BODY = YES;
				CLANG_WARN_ENUM_CONVERSION = YES;
				CLANG_WARN_INT_CONVERSION = YES;
				CLANG_WARN_OBJC_ROOT_CLASS = YES_ERROR;
				CLANG_WARN_UNREACHABLE_CODE = YES;
				CLANG_WARN__DUPLICATE_METHOD_MATCH = YES;
				"CODE_SIGN_IDENTITY[sdk=iphoneos*]" = "iPhone Developer";
				COPY_PHASE_STRIP = NO;
				DEBUG_INFORMATION_FORMAT = dwarf;
				ENABLE_STRICT_OBJC_MSGSEND = YES;
				ENABLE_TESTABILITY = YES;
				GCC_C_LANGUAGE_STANDARD = gnu99;
				GCC_DYNAMIC_NO_PIC = NO;
				GCC_NO_COMMON_BLOCKS = YES;
				GCC_OPTIMIZATION_LEVEL = 0;
				GCC_PREPROCESSOR_DEFINITIONS = (
					"DEBUG=1",
					"$(inherited)",
				);
				GCC_WARN_64_TO_32_BIT_CONVERSION = YES;
				GCC_WARN_ABOUT_RETURN_TYPE = YES_ERROR;
				GCC_WARN_UNDECLARED_SELECTOR = YES;
				GCC_WARN_UNINITIALIZED_AUTOS = YES_AGGRESSIVE;
				GCC_WARN_UNUSED_FUNCTION = YES;
				GCC_WARN_UNUSED_VARIABLE = YES;
				IPHONEOS_DEPLOYMENT_TARGET = 9.0;
				MTL_ENABLE_DEBUG_INFO = YES;
				ONLY_ACTIVE_ARCH = YES;
				SDKROOT = iphoneos;
				SWIFT_OPTIMIZATION_LEVEL = "-Onone";
			};
			name = Debug;
		};
		12C586AD1BBD728C005C20A0 /* Release */ = {
			isa = XCBuildConfiguration;
			buildSettings = {
				ALWAYS_SEARCH_USER_PATHS = NO;
				CLANG_CXX_LANGUAGE_STANDARD = "gnu++0x";
				CLANG_CXX_LIBRARY = "libc++";
				CLANG_ENABLE_MODULES = YES;
				CLANG_ENABLE_OBJC_ARC = YES;
				CLANG_WARN_BOOL_CONVERSION = YES;
				CLANG_WARN_CONSTANT_CONVERSION = YES;
				CLANG_WARN_DIRECT_OBJC_ISA_USAGE = YES_ERROR;
				CLANG_WARN_EMPTY_BODY = YES;
				CLANG_WARN_ENUM_CONVERSION = YES;
				CLANG_WARN_INT_CONVERSION = YES;
				CLANG_WARN_OBJC_ROOT_CLASS = YES_ERROR;
				CLANG_WARN_UNREACHABLE_CODE = YES;
				CLANG_WARN__DUPLICATE_METHOD_MATCH = YES;
				"CODE_SIGN_IDENTITY[sdk=iphoneos*]" = "iPhone Developer";
				COPY_PHASE_STRIP = NO;
				DEBUG_INFORMATION_FORMAT = "dwarf-with-dsym";
				ENABLE_NS_ASSERTIONS = NO;
				ENABLE_STRICT_OBJC_MSGSEND = YES;
				GCC_C_LANGUAGE_STANDARD = gnu99;
				GCC_NO_COMMON_BLOCKS = YES;
				GCC_WARN_64_TO_32_BIT_CONVERSION = YES;
				GCC_WARN_ABOUT_RETURN_TYPE = YES_ERROR;
				GCC_WARN_UNDECLARED_SELECTOR = YES;
				GCC_WARN_UNINITIALIZED_AUTOS = YES_AGGRESSIVE;
				GCC_WARN_UNUSED_FUNCTION = YES;
				GCC_WARN_UNUSED_VARIABLE = YES;
				IPHONEOS_DEPLOYMENT_TARGET = 9.0;
				MTL_ENABLE_DEBUG_INFO = NO;
				SDKROOT = iphoneos;
				VALIDATE_PRODUCT = YES;
			};
			name = Release;
		};
		12C586AF1BBD728C005C20A0 /* Debug */ = {
			isa = XCBuildConfiguration;
			buildSettings = {
				ASSETCATALOG_COMPILER_APPICON_NAME = AppIcon;
				INFOPLIST_FILE = Mapas/Info.plist;
				LD_RUNPATH_SEARCH_PATHS = "$(inherited) @executable_path/Frameworks";
				PRODUCT_BUNDLE_IDENTIFIER = br.com.flameworks.Mapas;
				PRODUCT_NAME = "$(TARGET_NAME)";
			};
			name = Debug;
		};
		12C586B01BBD728C005C20A0 /* Release */ = {
			isa = XCBuildConfiguration;
			buildSettings = {
				ASSETCATALOG_COMPILER_APPICON_NAME = AppIcon;
				INFOPLIST_FILE = Mapas/Info.plist;
				LD_RUNPATH_SEARCH_PATHS = "$(inherited) @executable_path/Frameworks";
				PRODUCT_BUNDLE_IDENTIFIER = br.com.flameworks.Mapas;
				PRODUCT_NAME = "$(TARGET_NAME)";
			};
			name = Release;
		};
/* End XCBuildConfiguration section */

/* Begin XCConfigurationList section */
		12C586971BBD728C005C20A0 /* Build configuration list for PBXProject "Mapas" */ = {
			isa = XCConfigurationList;
			buildConfigurations = (
				12C586AC1BBD728C005C20A0 /* Debug */,
				12C586AD1BBD728C005C20A0 /* Release */,
			);
			defaultConfigurationIsVisible = 0;
			defaultConfigurationName = Release;
		};
		12C586AE1BBD728C005C20A0 /* Build configuration list for PBXNativeTarget "Mapas" */ = {
			isa = XCConfigurationList;
			buildConfigurations = (
				12C586AF1BBD728C005C20A0 /* Debug */,
				12C586B01BBD728C005C20A0 /* Release */,
			);
			defaultConfigurationIsVisible = 0;
			defaultConfigurationName = Release;
		};
/* End XCConfigurationList section */
	};
	rootObject = 12C586941BBD728C005C20A0 /* Project object */;
}
